
Microsoft Visual Studio Solution File, Format Version 12.00
# Visual Studio Version 17
VisualStudioVersion = 17.13.35931.197 d17.13
MinimumVisualStudioVersion = 10.0.40219.1
Project("{FAE04EC0-301F-11D3-BF4B-00C04F79EFBC}") = "ContactManager", "ContactManager\ContactManager.csproj", "{A0E734BE-9F46-48D7-B69B-D9E922D59DD8}"
EndProject
Global
	GlobalSection(SolutionConfigurationPlatforms) = preSolution
		Debug|Any CPU = Debug|Any CPU
		Release|Any CPU = Release|Any CPU
	EndGlobalSection
	GlobalSection(ProjectConfigurationPlatforms) = postSolution
		{A0E734BE-9F46-48D7-B69B-D9E922D59DD8}.Debug|Any CPU.ActiveCfg = Debug|Any CPU
		{A0E734BE-9F46-48D7-B69B-D9E922D59DD8}.Debug|Any CPU.Build.0 = Debug|Any CPU
		{A0E734BE-9F46-48D7-B69B-D9E922D59DD8}.Release|Any CPU.ActiveCfg = Release|Any CPU
		{A0E734BE-9F46-48D7-B69B-D9E922D59DD8}.Release|Any CPU.Build.0 = Release|Any CPU
	EndGlobalSection
	GlobalSection(SolutionProperties) = preSolution
		HideSolutionNode = FALSE
	EndGlobalSection
	GlobalSection(ExtensibilityGlobals) = postSolution
		SolutionGuid = {8672D6AB-1AD0-41F2-A516-BB0E436BF6F8}
	EndGlobalSection
EndGlobal
